
Microsoft Visual Studio Solution File, Format Version 12.00
# Visual Studio Version 17
VisualStudioVersion = 17.11.35327.3
MinimumVisualStudioVersion = 10.0.40219.1
Project("{FAE04EC0-301F-11D3-BF4B-00C04F79EFBC}") = "Arrays, Collections, Generics", "Arrays, Collections, Generics.csproj", "{9CD5267F-8751-4C9A-BBCA-3E5322D779AD}"
EndProject
Global
	GlobalSection(SolutionConfigurationPlatforms) = preSolution
		Debug|Any CPU = Debug|Any CPU
		Release|Any CPU = Release|Any CPU
	EndGlobalSection
	GlobalSection(ProjectConfigurationPlatforms) = postSolution
		{9CD5267F-8751-4C9A-BBCA-3E5322D779AD}.Debug|Any CPU.ActiveCfg = Debug|Any CPU
		{9CD5267F-8751-4C9A-BBCA-3E5322D779AD}.Debug|Any CPU.Build.0 = Debug|Any CPU
		{9CD5267F-8751-4C9A-BBCA-3E5322D779AD}.Release|Any CPU.ActiveCfg = Release|Any CPU
		{9CD5267F-8751-4C9A-BBCA-3E5322D779AD}.Release|Any CPU.Build.0 = Release|Any CPU
	EndGlobalSection
	GlobalSection(SolutionProperties) = preSolution
		HideSolutionNode = FALSE
	EndGlobalSection
	GlobalSection(ExtensibilityGlobals) = postSolution
		SolutionGuid = {D1E6D8F3-8970-44DB-B15A-1DA9D9B8816D}
	EndGlobalSection
EndGlobal
