
Microsoft Visual Studio Solution File, Format Version 12.00
# Visual Studio Version 17
VisualStudioVersion = 17.11.35327.3
MinimumVisualStudioVersion = 10.0.40219.1
Project("{FAE04EC0-301F-11D3-BF4B-00C04F79EFBC}") = "Assignment Debugging and Exception Handling", "Assignment Debugging and Exception Handling.csproj", "{F253F635-32F2-4399-9768-FC74E53B4D1D}"
EndProject
Global
	GlobalSection(SolutionConfigurationPlatforms) = preSolution
		Debug|Any CPU = Debug|Any CPU
		Release|Any CPU = Release|Any CPU
	EndGlobalSection
	GlobalSection(ProjectConfigurationPlatforms) = postSolution
		{F253F635-32F2-4399-9768-FC74E53B4D1D}.Debug|Any CPU.ActiveCfg = Debug|Any CPU
		{F253F635-32F2-4399-9768-FC74E53B4D1D}.Debug|Any CPU.Build.0 = Debug|Any CPU
		{F253F635-32F2-4399-9768-FC74E53B4D1D}.Release|Any CPU.ActiveCfg = Release|Any CPU
		{F253F635-32F2-4399-9768-FC74E53B4D1D}.Release|Any CPU.Build.0 = Release|Any CPU
	EndGlobalSection
	GlobalSection(SolutionProperties) = preSolution
		HideSolutionNode = FALSE
	EndGlobalSection
	GlobalSection(ExtensibilityGlobals) = postSolution
		SolutionGuid = {EEBB0A38-8B57-4F41-9C00-29FC2EDA43C9}
	EndGlobalSection
EndGlobal
