
Microsoft Visual Studio Solution File, Format Version 12.00
# Visual Studio Version 17
VisualStudioVersion = 17.11.35327.3
MinimumVisualStudioVersion = 10.0.40219.1
Project("{FAE04EC0-301F-11D3-BF4B-00C04F79EFBC}") = "Assignment SOLID principles", "Assignment SOLID principles.csproj", "{5D81B12E-54C8-40A1-858C-8C1A65231A1D}"
EndProject
Global
	GlobalSection(SolutionConfigurationPlatforms) = preSolution
		Debug|Any CPU = Debug|Any CPU
		Release|Any CPU = Release|Any CPU
	EndGlobalSection
	GlobalSection(ProjectConfigurationPlatforms) = postSolution
		{5D81B12E-54C8-40A1-858C-8C1A65231A1D}.Debug|Any CPU.ActiveCfg = Debug|Any CPU
		{5D81B12E-54C8-40A1-858C-8C1A65231A1D}.Debug|Any CPU.Build.0 = Debug|Any CPU
		{5D81B12E-54C8-40A1-858C-8C1A65231A1D}.Release|Any CPU.ActiveCfg = Release|Any CPU
		{5D81B12E-54C8-40A1-858C-8C1A65231A1D}.Release|Any CPU.Build.0 = Release|Any CPU
	EndGlobalSection
	GlobalSection(SolutionProperties) = preSolution
		HideSolutionNode = FALSE
	EndGlobalSection
	GlobalSection(ExtensibilityGlobals) = postSolution
		SolutionGuid = {DF24D044-70ED-47FD-9B2B-2EB756386252}
	EndGlobalSection
EndGlobal
