
Microsoft Visual Studio Solution File, Format Version 12.00
# Visual Studio Version 17
VisualStudioVersion = 17.11.35327.3
MinimumVisualStudioVersion = 10.0.40219.1
Project("{FAE04EC0-301F-11D3-BF4B-00C04F79EFBC}") = "Delegates and LINQ", "Delegates and LINQ.csproj", "{01ED8C11-5C0C-456F-9546-E147C6E61BDD}"
EndProject
Global
	GlobalSection(SolutionConfigurationPlatforms) = preSolution
		Debug|Any CPU = Debug|Any CPU
		Release|Any CPU = Release|Any CPU
	EndGlobalSection
	GlobalSection(ProjectConfigurationPlatforms) = postSolution
		{01ED8C11-5C0C-456F-9546-E147C6E61BDD}.Debug|Any CPU.ActiveCfg = Debug|Any CPU
		{01ED8C11-5C0C-456F-9546-E147C6E61BDD}.Debug|Any CPU.Build.0 = Debug|Any CPU
		{01ED8C11-5C0C-456F-9546-E147C6E61BDD}.Release|Any CPU.ActiveCfg = Release|Any CPU
		{01ED8C11-5C0C-456F-9546-E147C6E61BDD}.Release|Any CPU.Build.0 = Release|Any CPU
	EndGlobalSection
	GlobalSection(SolutionProperties) = preSolution
		HideSolutionNode = FALSE
	EndGlobalSection
	GlobalSection(ExtensibilityGlobals) = postSolution
		SolutionGuid = {3B7C0FD1-DB60-414A-9225-1D616D95CCE5}
	EndGlobalSection
EndGlobal
