
Microsoft Visual Studio Solution File, Format Version 12.00
# Visual Studio Version 17
VisualStudioVersion = 17.11.35327.3
MinimumVisualStudioVersion = 10.0.40219.1
Project("{FAE04EC0-301F-11D3-BF4B-00C04F79EFBC}") = "Behavioral Design Patterns", "Behavioral Design Patterns.csproj", "{BC86765B-A7D0-48C9-9D52-021FD3EE7F24}"
EndProject
Global
	GlobalSection(SolutionConfigurationPlatforms) = preSolution
		Debug|Any CPU = Debug|Any CPU
		Release|Any CPU = Release|Any CPU
	EndGlobalSection
	GlobalSection(ProjectConfigurationPlatforms) = postSolution
		{BC86765B-A7D0-48C9-9D52-021FD3EE7F24}.Debug|Any CPU.ActiveCfg = Debug|Any CPU
		{BC86765B-A7D0-48C9-9D52-021FD3EE7F24}.Debug|Any CPU.Build.0 = Debug|Any CPU
		{BC86765B-A7D0-48C9-9D52-021FD3EE7F24}.Release|Any CPU.ActiveCfg = Release|Any CPU
		{BC86765B-A7D0-48C9-9D52-021FD3EE7F24}.Release|Any CPU.Build.0 = Release|Any CPU
	EndGlobalSection
	GlobalSection(SolutionProperties) = preSolution
		HideSolutionNode = FALSE
	EndGlobalSection
	GlobalSection(ExtensibilityGlobals) = postSolution
		SolutionGuid = {57732FE8-63DB-44B1-8EA0-AB3B2BC06B1E}
	EndGlobalSection
EndGlobal
